
Microsoft Visual Studio Solution File, Format Version 12.00
# Visual Studio Version 17
VisualStudioVersion = 17.9.34728.123
MinimumVisualStudioVersion = 10.0.40219.1
Project("{FAE04EC0-301F-11D3-BF4B-00C04F79EFBC}") = "ex19_asyncs", "ex19_asyncs\ex19_asyncs.csproj", "{407C2279-1C49-4676-98E5-5C79012BA42F}"
EndProject
Global
	GlobalSection(SolutionConfigurationPlatforms) = preSolution
		Debug|Any CPU = Debug|Any CPU
		Release|Any CPU = Release|Any CPU
	EndGlobalSection
	GlobalSection(ProjectConfigurationPlatforms) = postSolution
		{407C2279-1C49-4676-98E5-5C79012BA42F}.Debug|Any CPU.ActiveCfg = Debug|Any CPU
		{407C2279-1C49-4676-98E5-5C79012BA42F}.Debug|Any CPU.Build.0 = Debug|Any CPU
		{407C2279-1C49-4676-98E5-5C79012BA42F}.Release|Any CPU.ActiveCfg = Release|Any CPU
		{407C2279-1C49-4676-98E5-5C79012BA42F}.Release|Any CPU.Build.0 = Release|Any CPU
	EndGlobalSection
	GlobalSection(SolutionProperties) = preSolution
		HideSolutionNode = FALSE
	EndGlobalSection
	GlobalSection(ExtensibilityGlobals) = postSolution
		SolutionGuid = {1CA5B719-12FA-45CE-8866-ACD94EB83191}
	EndGlobalSection
EndGlobal
